
Microsoft Visual Studio Solution File, Format Version 12.00
# Visual Studio Version 17
VisualStudioVersion = 17.14.36202.13
MinimumVisualStudioVersion = 10.0.40219.1
Project("{FAE04EC0-301F-11D3-BF4B-00C04F79EFBC}") = "FeedbackService", "FeedbackService\FeedbackService.csproj", "{9B13FA1D-6DCE-425A-A22F-27818233ABDE}"
EndProject
Project("{FAE04EC0-301F-11D3-BF4B-00C04F79EFBC}") = "FeedbackService.Domain", "FeedbackService.Domain\FeedbackService.Domain.csproj", "{826BE5FC-F4B4-4E4B-A364-01C39DE43F90}"
EndProject
Project("{FAE04EC0-301F-11D3-BF4B-00C04F79EFBC}") = "FeedbackService.Application", "FeedbackService.Application\FeedbackService.Application.csproj", "{3F992427-34B0-4BAF-BA4B-D4A23CB3A10C}"
EndProject
Project("{FAE04EC0-301F-11D3-BF4B-00C04F79EFBC}") = "FeedbackService.Infrastructure", "FeedbackService.Infrastructure\FeedbackService.Infrastructure.csproj", "{BA96CBBF-D770-4B5D-AB9F-834E8E1A00C9}"
EndProject
Global
	GlobalSection(SolutionConfigurationPlatforms) = preSolution
		Debug|Any CPU = Debug|Any CPU
		Release|Any CPU = Release|Any CPU
	EndGlobalSection
	GlobalSection(ProjectConfigurationPlatforms) = postSolution
		{9B13FA1D-6DCE-425A-A22F-27818233ABDE}.Debug|Any CPU.ActiveCfg = Debug|Any CPU
		{9B13FA1D-6DCE-425A-A22F-27818233ABDE}.Debug|Any CPU.Build.0 = Debug|Any CPU
		{9B13FA1D-6DCE-425A-A22F-27818233ABDE}.Release|Any CPU.ActiveCfg = Release|Any CPU
		{9B13FA1D-6DCE-425A-A22F-27818233ABDE}.Release|Any CPU.Build.0 = Release|Any CPU
		{826BE5FC-F4B4-4E4B-A364-01C39DE43F90}.Debug|Any CPU.ActiveCfg = Debug|Any CPU
		{826BE5FC-F4B4-4E4B-A364-01C39DE43F90}.Debug|Any CPU.Build.0 = Debug|Any CPU
		{826BE5FC-F4B4-4E4B-A364-01C39DE43F90}.Release|Any CPU.ActiveCfg = Release|Any CPU
		{826BE5FC-F4B4-4E4B-A364-01C39DE43F90}.Release|Any CPU.Build.0 = Release|Any CPU
		{3F992427-34B0-4BAF-BA4B-D4A23CB3A10C}.Debug|Any CPU.ActiveCfg = Debug|Any CPU
		{3F992427-34B0-4BAF-BA4B-D4A23CB3A10C}.Debug|Any CPU.Build.0 = Debug|Any CPU
		{3F992427-34B0-4BAF-BA4B-D4A23CB3A10C}.Release|Any CPU.ActiveCfg = Release|Any CPU
		{3F992427-34B0-4BAF-BA4B-D4A23CB3A10C}.Release|Any CPU.Build.0 = Release|Any CPU
		{BA96CBBF-D770-4B5D-AB9F-834E8E1A00C9}.Debug|Any CPU.ActiveCfg = Debug|Any CPU
		{BA96CBBF-D770-4B5D-AB9F-834E8E1A00C9}.Debug|Any CPU.Build.0 = Debug|Any CPU
		{BA96CBBF-D770-4B5D-AB9F-834E8E1A00C9}.Release|Any CPU.ActiveCfg = Release|Any CPU
		{BA96CBBF-D770-4B5D-AB9F-834E8E1A00C9}.Release|Any CPU.Build.0 = Release|Any CPU
	EndGlobalSection
	GlobalSection(SolutionProperties) = preSolution
		HideSolutionNode = FALSE
	EndGlobalSection
	GlobalSection(ExtensibilityGlobals) = postSolution
		SolutionGuid = {2E4A863E-1C30-4104-BF55-80C650146B7C}
	EndGlobalSection
EndGlobal
